{
    "_readme": [
        "This file locks the dependencies of your project to a known state",
        "Read more about it at http://getcomposer.org/doc/01-basic-usage.md#composer-lock-the-lock-file"
    ],
    "hash": "945898aad8da4a4f9a70e786143cb88b",
    "packages": [
        {
            "name": "trimeloni/myFirstComposer",
            "version": "v0.1.2",
            "source": {
                "type": "git",
                "url": "https://github.com/trimeloni/myFirstComposer.git",
                "reference": "v0.1.2"
            },
            "dist": {
                "type": "zip",
                "url": "https://api.github.com/repos/trimeloni/myFirstComposer/zipball/v0.1.2",
                "reference": "v0.1.2",
                "shasum": ""
            },
            "require": {
                "php": ">=5.3.0"
            },
            "type": "library",
            "autoload": {
                "psr-0": {
                    "myFirstComposer": "src/"
                }
            },
            "license": [
                "MIT"
            ],
            "authors": [
                {
                    "name": "Adam Trimeloni",
                    "email": "stuff@trimeloni.com"
                }
            ],
            "description": "My Sample Composer JSon Project",
            "homepage": "https://github.com/trimeloni/myFirstComposer/wiki",
            "keywords": [
                "sample",
                "tutorial"
            ],
            "support": {
                "source": "https://github.com/trimeloni/myFirstComposer/tree/v0.1.2",
                "issues": "https://github.com/trimeloni/myFirstComposer/issues"
            },
            "time": "2013-06-14 17:55:43"
        }
    ],
    "packages-dev": [

    ],
    "aliases": [

    ],
    "minimum-stability": "stable",
    "stability-flags": [

    ],
    "platform": [

    ],
    "platform-dev": [

    ]
}
